# This file is automatically @generated by Cargo.
# It is not intended for manual editing.
version = 3

[[package]]
name = "kanshi-rs"
version = "0.1.0"
source = "registry+https://github.com/rust-lang/crates.io-index"
checksum = "5c18ad806db8657acd86720292c1bca2f3e5fdf558fea1e48f53c7495595b7d2"

[[package]]
name = "kanshi-rs-sample"
version = "0.1.0"
dependencies = [
 "kanshi-rs",
]
